{
  "name": "clockwise_md",
  "requires": true,
  "lockfileVersion": 1,
  "dependencies": {
<<<<<<< HEAD
    "bootstrap": {
      "version": "4.1.3",
      "resolved": "https://registry.npmjs.org/bootstrap/-/bootstrap-4.1.3.tgz",
      "integrity": "sha512-rDFIzgXcof0jDyjNosjv4Sno77X4KuPeFxG2XZZv1/Kc8DRVGVADdoQyyOVDwPqL36DDmtCQbrpMCqvpPLJQ0w=="
=======
    "animate.css": {
      "version": "3.7.0",
      "resolved": "https://registry.npmjs.org/animate.css/-/animate.css-3.7.0.tgz",
      "integrity": "sha512-u3iMXDJr0cxMdQocIciDiou9Au4L5f9uT+/jCtprw3s1j3HcfCuI+khF+90Ps2KdsEhM2soF7SXB4WUvI3HlXg=="
    },
    "django": {
      "version": "99.99.99",
      "resolved": "https://registry.npmjs.org/django/-/django-99.99.99.tgz",
      "integrity": "sha512-PI4b0SangflSE2ozgzCHTYxrQ2fDdSv/LEuJC8XMZrsMq+pcm/vXoS8RtaBW0E1NMMjnTretTkEwjcdbVVZYqQ=="
>>>>>>> 205eb3f4ff2d9c99d40a04342d2a4871bd16f372
    }
  }
}
