{
  "name": "clockwise_md",
  "requires": true,
  "lockfileVersion": 1,
  "dependencies": {
    "django": {
      "version": "99.99.99",
      "resolved": "https://registry.npmjs.org/django/-/django-99.99.99.tgz",
      "integrity": "sha512-PI4b0SangflSE2ozgzCHTYxrQ2fDdSv/LEuJC8XMZrsMq+pcm/vXoS8RtaBW0E1NMMjnTretTkEwjcdbVVZYqQ=="
    }
  }
}
